github.com/kylelemons/godebug v1.1.0 h1:RPNrshWIDI6G2gRW9EHilWtl7Z6Sb1BR0xunSBf0SNc=
github.com/kylelemons/godebug v1.1.0/go.mod h1:9/0rRGxNHcop5bhtWyNeEfOS8JIWk580+fNqagV/RAw=
github.com/sahilm/fuzzy v0.1.0 h1:FzWGaw2Opqyu+794ZQ9SYifWv2EIXpwP4q8dY1kDAwI=
github.com/sahilm/fuzzy v0.1.0/go.mod h1:VFvziUEIMCrT6A6tw2RFIXPXXmzXbOsSHF0DOI8ZK9Y=
github.com/sonyarouje/simdb v0.1.0 h1:oCxF05HdVmG3vdZZf5oLINIS0UYLoZBVx/IOJzpMA2A=
github.com/sonyarouje/simdb v0.1.0/go.mod h1:sBxWOZxv78yOmCzIyXbUWzHua9+QpXwwnFdlLK/UiUU=
